
Microsoft Visual Studio Solution File, Format Version 12.00
# Visual Studio Version 16
VisualStudioVersion = 16.0.30011.22
MinimumVisualStudioVersion = 10.0.40219.1
Project("{FAE04EC0-301F-11D3-BF4B-00C04F79EFBC}") = "Example", "Example\Example.csproj", "{CA4D3D04-A483-4DCD-BB60-3134FF163AED}"
EndProject
Global
	GlobalSection(SolutionConfigurationPlatforms) = preSolution
		Debug|Any CPU = Debug|Any CPU
		Release|Any CPU = Release|Any CPU
	EndGlobalSection
	GlobalSection(ProjectConfigurationPlatforms) = postSolution
		{CA4D3D04-A483-4DCD-BB60-3134FF163AED}.Debug|Any CPU.ActiveCfg = Debug|Any CPU
		{CA4D3D04-A483-4DCD-BB60-3134FF163AED}.Debug|Any CPU.Build.0 = Debug|Any CPU
		{CA4D3D04-A483-4DCD-BB60-3134FF163AED}.Release|Any CPU.ActiveCfg = Release|Any CPU
		{CA4D3D04-A483-4DCD-BB60-3134FF163AED}.Release|Any CPU.Build.0 = Release|Any CPU
	EndGlobalSection
	GlobalSection(SolutionProperties) = preSolution
		HideSolutionNode = FALSE
	EndGlobalSection
	GlobalSection(ExtensibilityGlobals) = postSolution
		SolutionGuid = {ED0330F3-3902-429E-B024-FC7D095A6B1A}
	EndGlobalSection
EndGlobal
